
Microsoft Visual Studio Solution File, Format Version 12.00
# Visual Studio Version 17
VisualStudioVersion = 17.0.32112.339
MinimumVisualStudioVersion = 10.0.40219.1
Project("{FAE04EC0-301F-11D3-BF4B-00C04F79EFBC}") = "HouseBuilding", "HouseBuilding\HouseBuilding.csproj", "{8E25CDFF-2AE6-4E70-B72D-0E68CB3DDB4A}"
EndProject
Global
	GlobalSection(SolutionConfigurationPlatforms) = preSolution
		Debug|Any CPU = Debug|Any CPU
		Release|Any CPU = Release|Any CPU
	EndGlobalSection
	GlobalSection(ProjectConfigurationPlatforms) = postSolution
		{8E25CDFF-2AE6-4E70-B72D-0E68CB3DDB4A}.Debug|Any CPU.ActiveCfg = Debug|Any CPU
		{8E25CDFF-2AE6-4E70-B72D-0E68CB3DDB4A}.Debug|Any CPU.Build.0 = Debug|Any CPU
		{8E25CDFF-2AE6-4E70-B72D-0E68CB3DDB4A}.Release|Any CPU.ActiveCfg = Release|Any CPU
		{8E25CDFF-2AE6-4E70-B72D-0E68CB3DDB4A}.Release|Any CPU.Build.0 = Release|Any CPU
	EndGlobalSection
	GlobalSection(SolutionProperties) = preSolution
		HideSolutionNode = FALSE
	EndGlobalSection
	GlobalSection(ExtensibilityGlobals) = postSolution
		SolutionGuid = {58F2A3A9-4623-4568-8099-CAEECF7D1960}
	EndGlobalSection
EndGlobal
