
Microsoft Visual Studio Solution File, Format Version 12.00
# Visual Studio Version 17
VisualStudioVersion = 17.6.33801.468
MinimumVisualStudioVersion = 10.0.40219.1
Project("{FAE04EC0-301F-11D3-BF4B-00C04F79EFBC}") = "ConsoleAppUDPClient", "ConsoleAppUDPClient\ConsoleAppUDPClient.csproj", "{D1B2DC56-89FC-4710-94ED-C199B7A31273}"
EndProject
Project("{FAE04EC0-301F-11D3-BF4B-00C04F79EFBC}") = "UdpServerApp", "UdpServerApp\UdpServerApp.csproj", "{590F9B6B-D6A0-46CD-AE6E-BD530A9CC2AD}"
EndProject
Project("{FAE04EC0-301F-11D3-BF4B-00C04F79EFBC}") = "UDPClientAPP", "UDPClientAPP\UDPClientAPP.csproj", "{6A199765-F499-48F0-84B9-02BC43E8DEE2}"
EndProject
Project("{FAE04EC0-301F-11D3-BF4B-00C04F79EFBC}") = "TcpFileServer", "TcpFileServer\TcpFileServer.csproj", "{0B680B8E-64D9-43D4-96A9-33AFD337D84B}"
EndProject
Project("{FAE04EC0-301F-11D3-BF4B-00C04F79EFBC}") = "WpfApp1", "WpfApp1\WpfApp1.csproj", "{507A462E-1A96-4215-A426-A2AFF8029B7A}"
EndProject
Global
	GlobalSection(SolutionConfigurationPlatforms) = preSolution
		Debug|Any CPU = Debug|Any CPU
		Release|Any CPU = Release|Any CPU
	EndGlobalSection
	GlobalSection(ProjectConfigurationPlatforms) = postSolution
		{D1B2DC56-89FC-4710-94ED-C199B7A31273}.Debug|Any CPU.ActiveCfg = Debug|Any CPU
		{D1B2DC56-89FC-4710-94ED-C199B7A31273}.Debug|Any CPU.Build.0 = Debug|Any CPU
		{D1B2DC56-89FC-4710-94ED-C199B7A31273}.Release|Any CPU.ActiveCfg = Release|Any CPU
		{D1B2DC56-89FC-4710-94ED-C199B7A31273}.Release|Any CPU.Build.0 = Release|Any CPU
		{590F9B6B-D6A0-46CD-AE6E-BD530A9CC2AD}.Debug|Any CPU.ActiveCfg = Debug|Any CPU
		{590F9B6B-D6A0-46CD-AE6E-BD530A9CC2AD}.Debug|Any CPU.Build.0 = Debug|Any CPU
		{590F9B6B-D6A0-46CD-AE6E-BD530A9CC2AD}.Release|Any CPU.ActiveCfg = Release|Any CPU
		{590F9B6B-D6A0-46CD-AE6E-BD530A9CC2AD}.Release|Any CPU.Build.0 = Release|Any CPU
		{6A199765-F499-48F0-84B9-02BC43E8DEE2}.Debug|Any CPU.ActiveCfg = Debug|Any CPU
		{6A199765-F499-48F0-84B9-02BC43E8DEE2}.Debug|Any CPU.Build.0 = Debug|Any CPU
		{6A199765-F499-48F0-84B9-02BC43E8DEE2}.Release|Any CPU.ActiveCfg = Release|Any CPU
		{6A199765-F499-48F0-84B9-02BC43E8DEE2}.Release|Any CPU.Build.0 = Release|Any CPU
		{0B680B8E-64D9-43D4-96A9-33AFD337D84B}.Debug|Any CPU.ActiveCfg = Debug|Any CPU
		{0B680B8E-64D9-43D4-96A9-33AFD337D84B}.Debug|Any CPU.Build.0 = Debug|Any CPU
		{0B680B8E-64D9-43D4-96A9-33AFD337D84B}.Release|Any CPU.ActiveCfg = Release|Any CPU
		{0B680B8E-64D9-43D4-96A9-33AFD337D84B}.Release|Any CPU.Build.0 = Release|Any CPU
		{507A462E-1A96-4215-A426-A2AFF8029B7A}.Debug|Any CPU.ActiveCfg = Debug|Any CPU
		{507A462E-1A96-4215-A426-A2AFF8029B7A}.Debug|Any CPU.Build.0 = Debug|Any CPU
		{507A462E-1A96-4215-A426-A2AFF8029B7A}.Release|Any CPU.ActiveCfg = Release|Any CPU
		{507A462E-1A96-4215-A426-A2AFF8029B7A}.Release|Any CPU.Build.0 = Release|Any CPU
	EndGlobalSection
	GlobalSection(SolutionProperties) = preSolution
		HideSolutionNode = FALSE
	EndGlobalSection
	GlobalSection(ExtensibilityGlobals) = postSolution
		SolutionGuid = {8F0AD740-F935-444F-9CC7-C2F205048856}
	EndGlobalSection
EndGlobal
