
Microsoft Visual Studio Solution File, Format Version 12.00
# Visual Studio Version 17
VisualStudioVersion = 17.0.32112.339
MinimumVisualStudioVersion = 10.0.40219.1
Project("{FAE04EC0-301F-11D3-BF4B-00C04F79EFBC}") = "Tanks", "Tanks\Tanks.csproj", "{EECE8D5C-8A29-48EA-8FB7-6001D8DA7A56}"
EndProject
Global
	GlobalSection(SolutionConfigurationPlatforms) = preSolution
		Debug|Any CPU = Debug|Any CPU
		Release|Any CPU = Release|Any CPU
	EndGlobalSection
	GlobalSection(ProjectConfigurationPlatforms) = postSolution
		{EECE8D5C-8A29-48EA-8FB7-6001D8DA7A56}.Debug|Any CPU.ActiveCfg = Debug|Any CPU
		{EECE8D5C-8A29-48EA-8FB7-6001D8DA7A56}.Debug|Any CPU.Build.0 = Debug|Any CPU
		{EECE8D5C-8A29-48EA-8FB7-6001D8DA7A56}.Release|Any CPU.ActiveCfg = Release|Any CPU
		{EECE8D5C-8A29-48EA-8FB7-6001D8DA7A56}.Release|Any CPU.Build.0 = Release|Any CPU
	EndGlobalSection
	GlobalSection(SolutionProperties) = preSolution
		HideSolutionNode = FALSE
	EndGlobalSection
	GlobalSection(ExtensibilityGlobals) = postSolution
		SolutionGuid = {413C3AE2-07CC-4679-A314-90FA5EFA5C6F}
	EndGlobalSection
EndGlobal
