
Microsoft Visual Studio Solution File, Format Version 12.00
# Visual Studio Version 17
VisualStudioVersion = 17.0.32014.148
MinimumVisualStudioVersion = 10.0.40219.1
Project("{FAE04EC0-301F-11D3-BF4B-00C04F79EFBC}") = "KBB.Online", "KBB.Online.csproj", "{9780041B-4831-4852-AF51-68629281BF39}"
EndProject
Project("{FAE04EC0-301F-11D3-BF4B-00C04F79EFBC}") = "KBB.online.BLL", "..\KBB.online.BLL\KBB.online.BLL.csproj", "{82DEB25C-9342-41D3-A22F-773069A61B42}"
EndProject
Global
	GlobalSection(SolutionConfigurationPlatforms) = preSolution
		Debug|Any CPU = Debug|Any CPU
		Release|Any CPU = Release|Any CPU
	EndGlobalSection
	GlobalSection(ProjectConfigurationPlatforms) = postSolution
		{9780041B-4831-4852-AF51-68629281BF39}.Debug|Any CPU.ActiveCfg = Debug|Any CPU
		{9780041B-4831-4852-AF51-68629281BF39}.Debug|Any CPU.Build.0 = Debug|Any CPU
		{9780041B-4831-4852-AF51-68629281BF39}.Release|Any CPU.ActiveCfg = Release|Any CPU
		{9780041B-4831-4852-AF51-68629281BF39}.Release|Any CPU.Build.0 = Release|Any CPU
		{82DEB25C-9342-41D3-A22F-773069A61B42}.Debug|Any CPU.ActiveCfg = Debug|Any CPU
		{82DEB25C-9342-41D3-A22F-773069A61B42}.Debug|Any CPU.Build.0 = Debug|Any CPU
		{82DEB25C-9342-41D3-A22F-773069A61B42}.Release|Any CPU.ActiveCfg = Release|Any CPU
		{82DEB25C-9342-41D3-A22F-773069A61B42}.Release|Any CPU.Build.0 = Release|Any CPU
	EndGlobalSection
	GlobalSection(SolutionProperties) = preSolution
		HideSolutionNode = FALSE
	EndGlobalSection
	GlobalSection(ExtensibilityGlobals) = postSolution
		SolutionGuid = {AC2ECBEE-BF7C-44D8-B0FA-4522CE0CE710}
	EndGlobalSection
EndGlobal
